
Microsoft Visual Studio Solution File, Format Version 12.00
# Visual Studio Version 17
VisualStudioVersion = 17.8.34309.116
MinimumVisualStudioVersion = 10.0.40219.1
Project("{FAE04EC0-301F-11D3-BF4B-00C04F79EFBC}") = "VisualStatesExample", "VisualStatesExample.csproj", "{2967E05A-22F3-4144-BD1F-B852B9E0694C}"
EndProject
Global
	GlobalSection(SolutionConfigurationPlatforms) = preSolution
		Debug|Any CPU = Debug|Any CPU
		Release|Any CPU = Release|Any CPU
	EndGlobalSection
	GlobalSection(ProjectConfigurationPlatforms) = postSolution
		{2967E05A-22F3-4144-BD1F-B852B9E0694C}.Debug|Any CPU.ActiveCfg = Debug|Any CPU
		{2967E05A-22F3-4144-BD1F-B852B9E0694C}.Debug|Any CPU.Build.0 = Debug|Any CPU
		{2967E05A-22F3-4144-BD1F-B852B9E0694C}.Release|Any CPU.ActiveCfg = Release|Any CPU
		{2967E05A-22F3-4144-BD1F-B852B9E0694C}.Release|Any CPU.Build.0 = Release|Any CPU
	EndGlobalSection
	GlobalSection(SolutionProperties) = preSolution
		HideSolutionNode = FALSE
	EndGlobalSection
	GlobalSection(ExtensibilityGlobals) = postSolution
		SolutionGuid = {9C44A0A9-A1F1-4933-8C2C-789C9EC0CE70}
	EndGlobalSection
EndGlobal
